
Microsoft Visual Studio Solution File, Format Version 12.00
# Visual Studio 14
VisualStudioVersion = 14.0.25420.1
MinimumVisualStudioVersion = 10.0.40219.1
Project("{FAE04EC0-301F-11D3-BF4B-00C04F79EFBC}") = "HelloWorld", "HelloWorld\HelloWorld\HelloWorld.csproj", "{2ECA543D-04D1-4F5D-B699-80C626D2D967}"
EndProject
Project("{FAE04EC0-301F-11D3-BF4B-00C04F79EFBC}") = "HelloWorld.Droid", "HelloWorld\HelloWorld.Droid\HelloWorld.Droid.csproj", "{8B65CEE7-C18C-4AD5-A5B2-9751AE25907A}"
EndProject
Project("{FAE04EC0-301F-11D3-BF4B-00C04F79EFBC}") = "HelloWorld.iOS", "HelloWorld\HelloWorld.iOS\HelloWorld.iOS.csproj", "{C81EA7C0-B4F0-424B-980E-A254C93E413C}"
EndProject
Project("{FAE04EC0-301F-11D3-BF4B-00C04F79EFBC}") = "HelloWorld.UWP", "HelloWorld\HelloWorld.UWP\HelloWorld.UWP.csproj", "{DACC9073-B907-4D23-8F0F-D89677A21CEB}"
EndProject
Global
	GlobalSection(SolutionConfigurationPlatforms) = preSolution
		Ad-Hoc|Any CPU = Ad-Hoc|Any CPU
		Ad-Hoc|ARM = Ad-Hoc|ARM
		Ad-Hoc|iPhone = Ad-Hoc|iPhone
		Ad-Hoc|iPhoneSimulator = Ad-Hoc|iPhoneSimulator
		Ad-Hoc|x64 = Ad-Hoc|x64
		Ad-Hoc|x86 = Ad-Hoc|x86
		AppStore|Any CPU = AppStore|Any CPU
		AppStore|ARM = AppStore|ARM
		AppStore|iPhone = AppStore|iPhone
		AppStore|iPhoneSimulator = AppStore|iPhoneSimulator
		AppStore|x64 = AppStore|x64
		AppStore|x86 = AppStore|x86
		Debug|Any CPU = Debug|Any CPU
		Debug|ARM = Debug|ARM
		Debug|iPhone = Debug|iPhone
		Debug|iPhoneSimulator = Debug|iPhoneSimulator
		Debug|x64 = Debug|x64
		Debug|x86 = Debug|x86
		Release|Any CPU = Release|Any CPU
		Release|ARM = Release|ARM
		Release|iPhone = Release|iPhone
		Release|iPhoneSimulator = Release|iPhoneSimulator
		Release|x64 = Release|x64
		Release|x86 = Release|x86
	EndGlobalSection
	GlobalSection(ProjectConfigurationPlatforms) = postSolution
		{2ECA543D-04D1-4F5D-B699-80C626D2D967}.Ad-Hoc|Any CPU.ActiveCfg = Release|Any CPU
		{2ECA543D-04D1-4F5D-B699-80C626D2D967}.Ad-Hoc|Any CPU.Build.0 = Release|Any CPU
		{2ECA543D-04D1-4F5D-B699-80C626D2D967}.Ad-Hoc|ARM.ActiveCfg = Release|Any CPU
		{2ECA543D-04D1-4F5D-B699-80C626D2D967}.Ad-Hoc|ARM.Build.0 = Release|Any CPU
		{2ECA543D-04D1-4F5D-B699-80C626D2D967}.Ad-Hoc|iPhone.ActiveCfg = Release|Any CPU
		{2ECA543D-04D1-4F5D-B699-80C626D2D967}.Ad-Hoc|iPhone.Build.0 = Release|Any CPU
		{2ECA543D-04D1-4F5D-B699-80C626D2D967}.Ad-Hoc|iPhoneSimulator.ActiveCfg = Release|Any CPU
		{2ECA543D-04D1-4F5D-B699-80C626D2D967}.Ad-Hoc|iPhoneSimulator.Build.0 = Release|Any CPU
		{2ECA543D-04D1-4F5D-B699-80C626D2D967}.Ad-Hoc|x64.ActiveCfg = Release|Any CPU
		{2ECA543D-04D1-4F5D-B699-80C626D2D967}.Ad-Hoc|x64.Build.0 = Release|Any CPU
		{2ECA543D-04D1-4F5D-B699-80C626D2D967}.Ad-Hoc|x86.ActiveCfg = Release|Any CPU
		{2ECA543D-04D1-4F5D-B699-80C626D2D967}.Ad-Hoc|x86.Build.0 = Release|Any CPU
		{2ECA543D-04D1-4F5D-B699-80C626D2D967}.AppStore|Any CPU.ActiveCfg = Release|Any CPU
		{2ECA543D-04D1-4F5D-B699-80C626D2D967}.AppStore|Any CPU.Build.0 = Release|Any CPU
		{2ECA543D-04D1-4F5D-B699-80C626D2D967}.AppStore|ARM.ActiveCfg = Release|Any CPU
		{2ECA543D-04D1-4F5D-B699-80C626D2D967}.AppStore|ARM.Build.0 = Release|Any CPU
		{2ECA543D-04D1-4F5D-B699-80C626D2D967}.AppStore|iPhone.ActiveCfg = Release|Any CPU
		{2ECA543D-04D1-4F5D-B699-80C626D2D967}.AppStore|iPhone.Build.0 = Release|Any CPU
		{2ECA543D-04D1-4F5D-B699-80C626D2D967}.AppStore|iPhoneSimulator.ActiveCfg = Release|Any CPU
		{2ECA543D-04D1-4F5D-B699-80C626D2D967}.AppStore|iPhoneSimulator.Build.0 = Release|Any CPU
		{2ECA543D-04D1-4F5D-B699-80C626D2D967}.AppStore|x64.ActiveCfg = Release|Any CPU
		{2ECA543D-04D1-4F5D-B699-80C626D2D967}.AppStore|x64.Build.0 = Release|Any CPU
		{2ECA543D-04D1-4F5D-B699-80C626D2D967}.AppStore|x86.ActiveCfg = Release|Any CPU
		{2ECA543D-04D1-4F5D-B699-80C626D2D967}.AppStore|x86.Build.0 = Release|Any CPU
		{2ECA543D-04D1-4F5D-B699-80C626D2D967}.Debug|Any CPU.ActiveCfg = Debug|Any CPU
		{2ECA543D-04D1-4F5D-B699-80C626D2D967}.Debug|Any CPU.Build.0 = Debug|Any CPU
		{2ECA543D-04D1-4F5D-B699-80C626D2D967}.Debug|ARM.ActiveCfg = Debug|Any CPU
		{2ECA543D-04D1-4F5D-B699-80C626D2D967}.Debug|ARM.Build.0 = Debug|Any CPU
		{2ECA543D-04D1-4F5D-B699-80C626D2D967}.Debug|iPhone.ActiveCfg = Debug|Any CPU
		{2ECA543D-04D1-4F5D-B699-80C626D2D967}.Debug|iPhone.Build.0 = Debug|Any CPU
		{2ECA543D-04D1-4F5D-B699-80C626D2D967}.Debug|iPhoneSimulator.ActiveCfg = Debug|Any CPU
		{2ECA543D-04D1-4F5D-B699-80C626D2D967}.Debug|iPhoneSimulator.Build.0 = Debug|Any CPU
		{2ECA543D-04D1-4F5D-B699-80C626D2D967}.Debug|x64.ActiveCfg = Debug|Any CPU
		{2ECA543D-04D1-4F5D-B699-80C626D2D967}.Debug|x64.Build.0 = Debug|Any CPU
		{2ECA543D-04D1-4F5D-B699-80C626D2D967}.Debug|x86.ActiveCfg = Debug|Any CPU
		{2ECA543D-04D1-4F5D-B699-80C626D2D967}.Debug|x86.Build.0 = Debug|Any CPU
		{2ECA543D-04D1-4F5D-B699-80C626D2D967}.Release|Any CPU.ActiveCfg = Release|Any CPU
		{2ECA543D-04D1-4F5D-B699-80C626D2D967}.Release|Any CPU.Build.0 = Release|Any CPU
		{2ECA543D-04D1-4F5D-B699-80C626D2D967}.Release|ARM.ActiveCfg = Release|Any CPU
		{2ECA543D-04D1-4F5D-B699-80C626D2D967}.Release|ARM.Build.0 = Release|Any CPU
		{2ECA543D-04D1-4F5D-B699-80C626D2D967}.Release|iPhone.ActiveCfg = Release|Any CPU
		{2ECA543D-04D1-4F5D-B699-80C626D2D967}.Release|iPhone.Build.0 = Release|Any CPU
		{2ECA543D-04D1-4F5D-B699-80C626D2D967}.Release|iPhoneSimulator.ActiveCfg = Release|Any CPU
		{2ECA543D-04D1-4F5D-B699-80C626D2D967}.Release|iPhoneSimulator.Build.0 = Release|Any CPU
		{2ECA543D-04D1-4F5D-B699-80C626D2D967}.Release|x64.ActiveCfg = Release|Any CPU
		{2ECA543D-04D1-4F5D-B699-80C626D2D967}.Release|x64.Build.0 = Release|Any CPU
		{2ECA543D-04D1-4F5D-B699-80C626D2D967}.Release|x86.ActiveCfg = Release|Any CPU
		{2ECA543D-04D1-4F5D-B699-80C626D2D967}.Release|x86.Build.0 = Release|Any CPU
		{8B65CEE7-C18C-4AD5-A5B2-9751AE25907A}.Ad-Hoc|Any CPU.ActiveCfg = Release|Any CPU
		{8B65CEE7-C18C-4AD5-A5B2-9751AE25907A}.Ad-Hoc|Any CPU.Build.0 = Release|Any CPU
		{8B65CEE7-C18C-4AD5-A5B2-9751AE25907A}.Ad-Hoc|Any CPU.Deploy.0 = Release|Any CPU
		{8B65CEE7-C18C-4AD5-A5B2-9751AE25907A}.Ad-Hoc|ARM.ActiveCfg = Release|Any CPU
		{8B65CEE7-C18C-4AD5-A5B2-9751AE25907A}.Ad-Hoc|ARM.Build.0 = Release|Any CPU
		{8B65CEE7-C18C-4AD5-A5B2-9751AE25907A}.Ad-Hoc|ARM.Deploy.0 = Release|Any CPU
		{8B65CEE7-C18C-4AD5-A5B2-9751AE25907A}.Ad-Hoc|iPhone.ActiveCfg = Release|Any CPU
		{8B65CEE7-C18C-4AD5-A5B2-9751AE25907A}.Ad-Hoc|iPhone.Build.0 = Release|Any CPU
		{8B65CEE7-C18C-4AD5-A5B2-9751AE25907A}.Ad-Hoc|iPhone.Deploy.0 = Release|Any CPU
		{8B65CEE7-C18C-4AD5-A5B2-9751AE25907A}.Ad-Hoc|iPhoneSimulator.ActiveCfg = Release|Any CPU
		{8B65CEE7-C18C-4AD5-A5B2-9751AE25907A}.Ad-Hoc|iPhoneSimulator.Build.0 = Release|Any CPU
		{8B65CEE7-C18C-4AD5-A5B2-9751AE25907A}.Ad-Hoc|iPhoneSimulator.Deploy.0 = Release|Any CPU
		{8B65CEE7-C18C-4AD5-A5B2-9751AE25907A}.Ad-Hoc|x64.ActiveCfg = Release|Any CPU
		{8B65CEE7-C18C-4AD5-A5B2-9751AE25907A}.Ad-Hoc|x64.Build.0 = Release|Any CPU
		{8B65CEE7-C18C-4AD5-A5B2-9751AE25907A}.Ad-Hoc|x64.Deploy.0 = Release|Any CPU
		{8B65CEE7-C18C-4AD5-A5B2-9751AE25907A}.Ad-Hoc|x86.ActiveCfg = Release|Any CPU
		{8B65CEE7-C18C-4AD5-A5B2-9751AE25907A}.Ad-Hoc|x86.Build.0 = Release|Any CPU
		{8B65CEE7-C18C-4AD5-A5B2-9751AE25907A}.Ad-Hoc|x86.Deploy.0 = Release|Any CPU
		{8B65CEE7-C18C-4AD5-A5B2-9751AE25907A}.AppStore|Any CPU.ActiveCfg = Release|Any CPU
		{8B65CEE7-C18C-4AD5-A5B2-9751AE25907A}.AppStore|Any CPU.Build.0 = Release|Any CPU
		{8B65CEE7-C18C-4AD5-A5B2-9751AE25907A}.AppStore|Any CPU.Deploy.0 = Release|Any CPU
		{8B65CEE7-C18C-4AD5-A5B2-9751AE25907A}.AppStore|ARM.ActiveCfg = Release|Any CPU
		{8B65CEE7-C18C-4AD5-A5B2-9751AE25907A}.AppStore|ARM.Build.0 = Release|Any CPU
		{8B65CEE7-C18C-4AD5-A5B2-9751AE25907A}.AppStore|ARM.Deploy.0 = Release|Any CPU
		{8B65CEE7-C18C-4AD5-A5B2-9751AE25907A}.AppStore|iPhone.ActiveCfg = Release|Any CPU
		{8B65CEE7-C18C-4AD5-A5B2-9751AE25907A}.AppStore|iPhone.Build.0 = Release|Any CPU
		{8B65CEE7-C18C-4AD5-A5B2-9751AE25907A}.AppStore|iPhone.Deploy.0 = Release|Any CPU
		{8B65CEE7-C18C-4AD5-A5B2-9751AE25907A}.AppStore|iPhoneSimulator.ActiveCfg = Release|Any CPU
		{8B65CEE7-C18C-4AD5-A5B2-9751AE25907A}.AppStore|iPhoneSimulator.Build.0 = Release|Any CPU
		{8B65CEE7-C18C-4AD5-A5B2-9751AE25907A}.AppStore|iPhoneSimulator.Deploy.0 = Release|Any CPU
		{8B65CEE7-C18C-4AD5-A5B2-9751AE25907A}.AppStore|x64.ActiveCfg = Release|Any CPU
		{8B65CEE7-C18C-4AD5-A5B2-9751AE25907A}.AppStore|x64.Build.0 = Release|Any CPU
		{8B65CEE7-C18C-4AD5-A5B2-9751AE25907A}.AppStore|x64.Deploy.0 = Release|Any CPU
		{8B65CEE7-C18C-4AD5-A5B2-9751AE25907A}.AppStore|x86.ActiveCfg = Release|Any CPU
		{8B65CEE7-C18C-4AD5-A5B2-9751AE25907A}.AppStore|x86.Build.0 = Release|Any CPU
		{8B65CEE7-C18C-4AD5-A5B2-9751AE25907A}.AppStore|x86.Deploy.0 = Release|Any CPU
		{8B65CEE7-C18C-4AD5-A5B2-9751AE25907A}.Debug|Any CPU.ActiveCfg = Debug|Any CPU
		{8B65CEE7-C18C-4AD5-A5B2-9751AE25907A}.Debug|Any CPU.Build.0 = Debug|Any CPU
		{8B65CEE7-C18C-4AD5-A5B2-9751AE25907A}.Debug|Any CPU.Deploy.0 = Debug|Any CPU
		{8B65CEE7-C18C-4AD5-A5B2-9751AE25907A}.Debug|ARM.ActiveCfg = Debug|Any CPU
		{8B65CEE7-C18C-4AD5-A5B2-9751AE25907A}.Debug|ARM.Build.0 = Debug|Any CPU
		{8B65CEE7-C18C-4AD5-A5B2-9751AE25907A}.Debug|ARM.Deploy.0 = Debug|Any CPU
		{8B65CEE7-C18C-4AD5-A5B2-9751AE25907A}.Debug|iPhone.ActiveCfg = Debug|Any CPU
		{8B65CEE7-C18C-4AD5-A5B2-9751AE25907A}.Debug|iPhone.Build.0 = Debug|Any CPU
		{8B65CEE7-C18C-4AD5-A5B2-9751AE25907A}.Debug|iPhone.Deploy.0 = Debug|Any CPU
		{8B65CEE7-C18C-4AD5-A5B2-9751AE25907A}.Debug|iPhoneSimulator.ActiveCfg = Debug|Any CPU
		{8B65CEE7-C18C-4AD5-A5B2-9751AE25907A}.Debug|iPhoneSimulator.Build.0 = Debug|Any CPU
		{8B65CEE7-C18C-4AD5-A5B2-9751AE25907A}.Debug|iPhoneSimulator.Deploy.0 = Debug|Any CPU
		{8B65CEE7-C18C-4AD5-A5B2-9751AE25907A}.Debug|x64.ActiveCfg = Debug|Any CPU
		{8B65CEE7-C18C-4AD5-A5B2-9751AE25907A}.Debug|x64.Build.0 = Debug|Any CPU
		{8B65CEE7-C18C-4AD5-A5B2-9751AE25907A}.Debug|x64.Deploy.0 = Debug|Any CPU
		{8B65CEE7-C18C-4AD5-A5B2-9751AE25907A}.Debug|x86.ActiveCfg = Debug|Any CPU
		{8B65CEE7-C18C-4AD5-A5B2-9751AE25907A}.Debug|x86.Build.0 = Debug|Any CPU
		{8B65CEE7-C18C-4AD5-A5B2-9751AE25907A}.Debug|x86.Deploy.0 = Debug|Any CPU
		{8B65CEE7-C18C-4AD5-A5B2-9751AE25907A}.Release|Any CPU.ActiveCfg = Release|Any CPU
		{8B65CEE7-C18C-4AD5-A5B2-9751AE25907A}.Release|Any CPU.Build.0 = Release|Any CPU
		{8B65CEE7-C18C-4AD5-A5B2-9751AE25907A}.Release|Any CPU.Deploy.0 = Release|Any CPU
		{8B65CEE7-C18C-4AD5-A5B2-9751AE25907A}.Release|ARM.ActiveCfg = Release|Any CPU
		{8B65CEE7-C18C-4AD5-A5B2-9751AE25907A}.Release|ARM.Build.0 = Release|Any CPU
		{8B65CEE7-C18C-4AD5-A5B2-9751AE25907A}.Release|ARM.Deploy.0 = Release|Any CPU
		{8B65CEE7-C18C-4AD5-A5B2-9751AE25907A}.Release|iPhone.ActiveCfg = Release|Any CPU
		{8B65CEE7-C18C-4AD5-A5B2-9751AE25907A}.Release|iPhone.Build.0 = Release|Any CPU
		{8B65CEE7-C18C-4AD5-A5B2-9751AE25907A}.Release|iPhone.Deploy.0 = Release|Any CPU
		{8B65CEE7-C18C-4AD5-A5B2-9751AE25907A}.Release|iPhoneSimulator.ActiveCfg = Release|Any CPU
		{8B65CEE7-C18C-4AD5-A5B2-9751AE25907A}.Release|iPhoneSimulator.Build.0 = Release|Any CPU
		{8B65CEE7-C18C-4AD5-A5B2-9751AE25907A}.Release|iPhoneSimulator.Deploy.0 = Release|Any CPU
		{8B65CEE7-C18C-4AD5-A5B2-9751AE25907A}.Release|x64.ActiveCfg = Release|Any CPU
		{8B65CEE7-C18C-4AD5-A5B2-9751AE25907A}.Release|x64.Build.0 = Release|Any CPU
		{8B65CEE7-C18C-4AD5-A5B2-9751AE25907A}.Release|x64.Deploy.0 = Release|Any CPU
		{8B65CEE7-C18C-4AD5-A5B2-9751AE25907A}.Release|x86.ActiveCfg = Release|Any CPU
		{8B65CEE7-C18C-4AD5-A5B2-9751AE25907A}.Release|x86.Build.0 = Release|Any CPU
		{8B65CEE7-C18C-4AD5-A5B2-9751AE25907A}.Release|x86.Deploy.0 = Release|Any CPU
		{C81EA7C0-B4F0-424B-980E-A254C93E413C}.Ad-Hoc|Any CPU.ActiveCfg = Ad-Hoc|iPhone
		{C81EA7C0-B4F0-424B-980E-A254C93E413C}.Ad-Hoc|ARM.ActiveCfg = Ad-Hoc|iPhone
		{C81EA7C0-B4F0-424B-980E-A254C93E413C}.Ad-Hoc|iPhone.ActiveCfg = Ad-Hoc|iPhone
		{C81EA7C0-B4F0-424B-980E-A254C93E413C}.Ad-Hoc|iPhone.Build.0 = Ad-Hoc|iPhone
		{C81EA7C0-B4F0-424B-980E-A254C93E413C}.Ad-Hoc|iPhoneSimulator.ActiveCfg = Ad-Hoc|iPhoneSimulator
		{C81EA7C0-B4F0-424B-980E-A254C93E413C}.Ad-Hoc|iPhoneSimulator.Build.0 = Ad-Hoc|iPhoneSimulator
		{C81EA7C0-B4F0-424B-980E-A254C93E413C}.Ad-Hoc|x64.ActiveCfg = Ad-Hoc|iPhone
		{C81EA7C0-B4F0-424B-980E-A254C93E413C}.Ad-Hoc|x86.ActiveCfg = Ad-Hoc|iPhone
		{C81EA7C0-B4F0-424B-980E-A254C93E413C}.AppStore|Any CPU.ActiveCfg = AppStore|iPhone
		{C81EA7C0-B4F0-424B-980E-A254C93E413C}.AppStore|ARM.ActiveCfg = AppStore|iPhone
		{C81EA7C0-B4F0-424B-980E-A254C93E413C}.AppStore|iPhone.ActiveCfg = AppStore|iPhone
		{C81EA7C0-B4F0-424B-980E-A254C93E413C}.AppStore|iPhone.Build.0 = AppStore|iPhone
		{C81EA7C0-B4F0-424B-980E-A254C93E413C}.AppStore|iPhoneSimulator.ActiveCfg = AppStore|iPhoneSimulator
		{C81EA7C0-B4F0-424B-980E-A254C93E413C}.AppStore|iPhoneSimulator.Build.0 = AppStore|iPhoneSimulator
		{C81EA7C0-B4F0-424B-980E-A254C93E413C}.AppStore|x64.ActiveCfg = AppStore|iPhone
		{C81EA7C0-B4F0-424B-980E-A254C93E413C}.AppStore|x86.ActiveCfg = AppStore|iPhone
		{C81EA7C0-B4F0-424B-980E-A254C93E413C}.Debug|Any CPU.ActiveCfg = Debug|iPhone
		{C81EA7C0-B4F0-424B-980E-A254C93E413C}.Debug|ARM.ActiveCfg = Debug|iPhone
		{C81EA7C0-B4F0-424B-980E-A254C93E413C}.Debug|iPhone.ActiveCfg = Debug|iPhone
		{C81EA7C0-B4F0-424B-980E-A254C93E413C}.Debug|iPhone.Build.0 = Debug|iPhone
		{C81EA7C0-B4F0-424B-980E-A254C93E413C}.Debug|iPhoneSimulator.ActiveCfg = Debug|iPhoneSimulator
		{C81EA7C0-B4F0-424B-980E-A254C93E413C}.Debug|iPhoneSimulator.Build.0 = Debug|iPhoneSimulator
		{C81EA7C0-B4F0-424B-980E-A254C93E413C}.Debug|x64.ActiveCfg = Debug|iPhone
		{C81EA7C0-B4F0-424B-980E-A254C93E413C}.Debug|x86.ActiveCfg = Debug|iPhone
		{C81EA7C0-B4F0-424B-980E-A254C93E413C}.Release|Any CPU.ActiveCfg = Release|iPhone
		{C81EA7C0-B4F0-424B-980E-A254C93E413C}.Release|ARM.ActiveCfg = Release|iPhone
		{C81EA7C0-B4F0-424B-980E-A254C93E413C}.Release|iPhone.ActiveCfg = Release|iPhone
		{C81EA7C0-B4F0-424B-980E-A254C93E413C}.Release|iPhone.Build.0 = Release|iPhone
		{C81EA7C0-B4F0-424B-980E-A254C93E413C}.Release|iPhoneSimulator.ActiveCfg = Release|iPhoneSimulator
		{C81EA7C0-B4F0-424B-980E-A254C93E413C}.Release|iPhoneSimulator.Build.0 = Release|iPhoneSimulator
		{C81EA7C0-B4F0-424B-980E-A254C93E413C}.Release|x64.ActiveCfg = Release|iPhone
		{C81EA7C0-B4F0-424B-980E-A254C93E413C}.Release|x86.ActiveCfg = Release|iPhone
		{DACC9073-B907-4D23-8F0F-D89677A21CEB}.Ad-Hoc|Any CPU.ActiveCfg = Release|x86
		{DACC9073-B907-4D23-8F0F-D89677A21CEB}.Ad-Hoc|Any CPU.Build.0 = Release|x86
		{DACC9073-B907-4D23-8F0F-D89677A21CEB}.Ad-Hoc|Any CPU.Deploy.0 = Release|x86
		{DACC9073-B907-4D23-8F0F-D89677A21CEB}.Ad-Hoc|ARM.ActiveCfg = Release|ARM
		{DACC9073-B907-4D23-8F0F-D89677A21CEB}.Ad-Hoc|ARM.Build.0 = Release|ARM
		{DACC9073-B907-4D23-8F0F-D89677A21CEB}.Ad-Hoc|ARM.Deploy.0 = Release|ARM
		{DACC9073-B907-4D23-8F0F-D89677A21CEB}.Ad-Hoc|iPhone.ActiveCfg = Release|x86
		{DACC9073-B907-4D23-8F0F-D89677A21CEB}.Ad-Hoc|iPhone.Build.0 = Release|x86
		{DACC9073-B907-4D23-8F0F-D89677A21CEB}.Ad-Hoc|iPhone.Deploy.0 = Release|x86
		{DACC9073-B907-4D23-8F0F-D89677A21CEB}.Ad-Hoc|iPhoneSimulator.ActiveCfg = Release|x86
		{DACC9073-B907-4D23-8F0F-D89677A21CEB}.Ad-Hoc|iPhoneSimulator.Build.0 = Release|x86
		{DACC9073-B907-4D23-8F0F-D89677A21CEB}.Ad-Hoc|iPhoneSimulator.Deploy.0 = Release|x86
		{DACC9073-B907-4D23-8F0F-D89677A21CEB}.Ad-Hoc|x64.ActiveCfg = Release|x64
		{DACC9073-B907-4D23-8F0F-D89677A21CEB}.Ad-Hoc|x64.Build.0 = Release|x64
		{DACC9073-B907-4D23-8F0F-D89677A21CEB}.Ad-Hoc|x64.Deploy.0 = Release|x64
		{DACC9073-B907-4D23-8F0F-D89677A21CEB}.Ad-Hoc|x86.ActiveCfg = Release|x86
		{DACC9073-B907-4D23-8F0F-D89677A21CEB}.Ad-Hoc|x86.Build.0 = Release|x86
		{DACC9073-B907-4D23-8F0F-D89677A21CEB}.Ad-Hoc|x86.Deploy.0 = Release|x86
		{DACC9073-B907-4D23-8F0F-D89677A21CEB}.AppStore|Any CPU.ActiveCfg = Release|x86
		{DACC9073-B907-4D23-8F0F-D89677A21CEB}.AppStore|Any CPU.Build.0 = Release|x86
		{DACC9073-B907-4D23-8F0F-D89677A21CEB}.AppStore|Any CPU.Deploy.0 = Release|x86
		{DACC9073-B907-4D23-8F0F-D89677A21CEB}.AppStore|ARM.ActiveCfg = Release|ARM
		{DACC9073-B907-4D23-8F0F-D89677A21CEB}.AppStore|ARM.Build.0 = Release|ARM
		{DACC9073-B907-4D23-8F0F-D89677A21CEB}.AppStore|ARM.Deploy.0 = Release|ARM
		{DACC9073-B907-4D23-8F0F-D89677A21CEB}.AppStore|iPhone.ActiveCfg = Release|x86
		{DACC9073-B907-4D23-8F0F-D89677A21CEB}.AppStore|iPhone.Build.0 = Release|x86
		{DACC9073-B907-4D23-8F0F-D89677A21CEB}.AppStore|iPhone.Deploy.0 = Release|x86
		{DACC9073-B907-4D23-8F0F-D89677A21CEB}.AppStore|iPhoneSimulator.ActiveCfg = Release|x86
		{DACC9073-B907-4D23-8F0F-D89677A21CEB}.AppStore|iPhoneSimulator.Build.0 = Release|x86
		{DACC9073-B907-4D23-8F0F-D89677A21CEB}.AppStore|iPhoneSimulator.Deploy.0 = Release|x86
		{DACC9073-B907-4D23-8F0F-D89677A21CEB}.AppStore|x64.ActiveCfg = Release|x64
		{DACC9073-B907-4D23-8F0F-D89677A21CEB}.AppStore|x64.Build.0 = Release|x64
		{DACC9073-B907-4D23-8F0F-D89677A21CEB}.AppStore|x64.Deploy.0 = Release|x64
		{DACC9073-B907-4D23-8F0F-D89677A21CEB}.AppStore|x86.ActiveCfg = Release|x86
		{DACC9073-B907-4D23-8F0F-D89677A21CEB}.AppStore|x86.Build.0 = Release|x86
		{DACC9073-B907-4D23-8F0F-D89677A21CEB}.AppStore|x86.Deploy.0 = Release|x86
		{DACC9073-B907-4D23-8F0F-D89677A21CEB}.Debug|Any CPU.ActiveCfg = Debug|x86
		{DACC9073-B907-4D23-8F0F-D89677A21CEB}.Debug|ARM.ActiveCfg = Debug|ARM
		{DACC9073-B907-4D23-8F0F-D89677A21CEB}.Debug|ARM.Build.0 = Debug|ARM
		{DACC9073-B907-4D23-8F0F-D89677A21CEB}.Debug|ARM.Deploy.0 = Debug|ARM
		{DACC9073-B907-4D23-8F0F-D89677A21CEB}.Debug|iPhone.ActiveCfg = Debug|x86
		{DACC9073-B907-4D23-8F0F-D89677A21CEB}.Debug|iPhoneSimulator.ActiveCfg = Debug|x86
		{DACC9073-B907-4D23-8F0F-D89677A21CEB}.Debug|x64.ActiveCfg = Debug|x64
		{DACC9073-B907-4D23-8F0F-D89677A21CEB}.Debug|x64.Build.0 = Debug|x64
		{DACC9073-B907-4D23-8F0F-D89677A21CEB}.Debug|x64.Deploy.0 = Debug|x64
		{DACC9073-B907-4D23-8F0F-D89677A21CEB}.Debug|x86.ActiveCfg = Debug|x86
		{DACC9073-B907-4D23-8F0F-D89677A21CEB}.Debug|x86.Build.0 = Debug|x86
		{DACC9073-B907-4D23-8F0F-D89677A21CEB}.Debug|x86.Deploy.0 = Debug|x86
		{DACC9073-B907-4D23-8F0F-D89677A21CEB}.Release|Any CPU.ActiveCfg = Release|x86
		{DACC9073-B907-4D23-8F0F-D89677A21CEB}.Release|ARM.ActiveCfg = Release|ARM
		{DACC9073-B907-4D23-8F0F-D89677A21CEB}.Release|ARM.Build.0 = Release|ARM
		{DACC9073-B907-4D23-8F0F-D89677A21CEB}.Release|ARM.Deploy.0 = Release|ARM
		{DACC9073-B907-4D23-8F0F-D89677A21CEB}.Release|iPhone.ActiveCfg = Release|x86
		{DACC9073-B907-4D23-8F0F-D89677A21CEB}.Release|iPhoneSimulator.ActiveCfg = Release|x86
		{DACC9073-B907-4D23-8F0F-D89677A21CEB}.Release|x64.ActiveCfg = Release|x64
		{DACC9073-B907-4D23-8F0F-D89677A21CEB}.Release|x64.Build.0 = Release|x64
		{DACC9073-B907-4D23-8F0F-D89677A21CEB}.Release|x64.Deploy.0 = Release|x64
		{DACC9073-B907-4D23-8F0F-D89677A21CEB}.Release|x86.ActiveCfg = Release|x86
		{DACC9073-B907-4D23-8F0F-D89677A21CEB}.Release|x86.Build.0 = Release|x86
		{DACC9073-B907-4D23-8F0F-D89677A21CEB}.Release|x86.Deploy.0 = Release|x86
	EndGlobalSection
	GlobalSection(SolutionProperties) = preSolution
		HideSolutionNode = FALSE
	EndGlobalSection
EndGlobal
